
Microsoft Visual Studio Solution File, Format Version 12.00
# Visual Studio Version 17
VisualStudioVersion = 17.1.32328.378
MinimumVisualStudioVersion = 10.0.40219.1
Project("{FAE04EC0-301F-11D3-BF4B-00C04F79EFBC}") = "Razor", "Razor\Razor.csproj", "{C8ABAD68-87AC-47CD-BF80-C97A1313A71B}"
EndProject
Global
	GlobalSection(SolutionConfigurationPlatforms) = preSolution
		Debug|Any CPU = Debug|Any CPU
		Release|Any CPU = Release|Any CPU
	EndGlobalSection
	GlobalSection(ProjectConfigurationPlatforms) = postSolution
		{C8ABAD68-87AC-47CD-BF80-C97A1313A71B}.Debug|Any CPU.ActiveCfg = Debug|Any CPU
		{C8ABAD68-87AC-47CD-BF80-C97A1313A71B}.Debug|Any CPU.Build.0 = Debug|Any CPU
		{C8ABAD68-87AC-47CD-BF80-C97A1313A71B}.Release|Any CPU.ActiveCfg = Release|Any CPU
		{C8ABAD68-87AC-47CD-BF80-C97A1313A71B}.Release|Any CPU.Build.0 = Release|Any CPU
	EndGlobalSection
	GlobalSection(SolutionProperties) = preSolution
		HideSolutionNode = FALSE
	EndGlobalSection
	GlobalSection(ExtensibilityGlobals) = postSolution
		SolutionGuid = {DE4FBFBB-73D7-47F3-810A-EA1C87EE564D}
	EndGlobalSection
EndGlobal
